
Microsoft Visual Studio Solution File, Format Version 12.00
# Visual Studio Version 16
VisualStudioVersion = 16.0.30104.148
MinimumVisualStudioVersion = 10.0.40219.1
Project("{FAE04EC0-301F-11D3-BF4B-00C04F79EFBC}") = "335Labs", "335Labs\335Labs.csproj", "{F628F1C8-F88D-4E51-9133-465D36DCB28C}"
EndProject
Global
	GlobalSection(SolutionConfigurationPlatforms) = preSolution
		Debug|Any CPU = Debug|Any CPU
		Release|Any CPU = Release|Any CPU
	EndGlobalSection
	GlobalSection(ProjectConfigurationPlatforms) = postSolution
		{F628F1C8-F88D-4E51-9133-465D36DCB28C}.Debug|Any CPU.ActiveCfg = Debug|Any CPU
		{F628F1C8-F88D-4E51-9133-465D36DCB28C}.Debug|Any CPU.Build.0 = Debug|Any CPU
		{F628F1C8-F88D-4E51-9133-465D36DCB28C}.Release|Any CPU.ActiveCfg = Release|Any CPU
		{F628F1C8-F88D-4E51-9133-465D36DCB28C}.Release|Any CPU.Build.0 = Release|Any CPU
	EndGlobalSection
	GlobalSection(SolutionProperties) = preSolution
		HideSolutionNode = FALSE
	EndGlobalSection
	GlobalSection(ExtensibilityGlobals) = postSolution
		SolutionGuid = {1DBEC16F-F7A7-4BF3-83D4-9F62FF9BC536}
	EndGlobalSection
EndGlobal
